
Microsoft Visual Studio Solution File, Format Version 12.00
# Visual Studio Version 17
VisualStudioVersion = 17.1.32414.318
MinimumVisualStudioVersion = 10.0.40219.1
Project("{2150E333-8FDC-42A3-9474-1A3956D46DE8}") = "Solution Items", "Solution Items", "{20E4684D-59FE-4DD7-BC5F-388AC7BECE0F}"
	ProjectSection(SolutionItems) = preProject
		.gitattributes = .gitattributes
		.gitignore = .gitignore
		README.md = README.md
	EndProjectSection
EndProject
Project("{9A19103F-16F7-4668-BE54-9A1E7A4F7556}") = "AuthServerAPI", "AuthServerAPI\AuthServerAPI.csproj", "{C3775BD7-2437-4643-8C61-010103AC73BB}"
EndProject
Project("{9A19103F-16F7-4668-BE54-9A1E7A4F7556}") = "Core", "Core\Core.csproj", "{6F9D7634-A6CB-45FF-BD3C-BAF1780A5F5A}"
EndProject
Project("{9A19103F-16F7-4668-BE54-9A1E7A4F7556}") = "Repository", "Business\Repository.csproj", "{70447FF5-1860-437C-8B17-BBD7B518D901}"
EndProject
Project("{9A19103F-16F7-4668-BE54-9A1E7A4F7556}") = "Service", "Service\Service.csproj", "{9856FBE6-6592-4817-AAD8-49156DC88045}"
EndProject
Project("{9A19103F-16F7-4668-BE54-9A1E7A4F7556}") = "MiniApp1.API", "MiniApp1.API\MiniApp1.API.csproj", "{104782D6-23AB-4DCD-AAF6-44DEB96693BE}"
EndProject
Project("{9A19103F-16F7-4668-BE54-9A1E7A4F7556}") = "MiniApp2.API", "MiniApp2.API\MiniApp2.API.csproj", "{4A0C7764-B8CD-4319-84FD-63540D214486}"
EndProject
Project("{9A19103F-16F7-4668-BE54-9A1E7A4F7556}") = "SharedLibrary", "SharedLibrary\SharedLibrary.csproj", "{310F735C-82F0-487A-A14E-4FC99D2A4D1D}"
EndProject
Global
	GlobalSection(SolutionConfigurationPlatforms) = preSolution
		Debug|Any CPU = Debug|Any CPU
		Release|Any CPU = Release|Any CPU
	EndGlobalSection
	GlobalSection(ProjectConfigurationPlatforms) = postSolution
		{C3775BD7-2437-4643-8C61-010103AC73BB}.Debug|Any CPU.ActiveCfg = Debug|Any CPU
		{C3775BD7-2437-4643-8C61-010103AC73BB}.Debug|Any CPU.Build.0 = Debug|Any CPU
		{C3775BD7-2437-4643-8C61-010103AC73BB}.Release|Any CPU.ActiveCfg = Release|Any CPU
		{C3775BD7-2437-4643-8C61-010103AC73BB}.Release|Any CPU.Build.0 = Release|Any CPU
		{6F9D7634-A6CB-45FF-BD3C-BAF1780A5F5A}.Debug|Any CPU.ActiveCfg = Debug|Any CPU
		{6F9D7634-A6CB-45FF-BD3C-BAF1780A5F5A}.Debug|Any CPU.Build.0 = Debug|Any CPU
		{6F9D7634-A6CB-45FF-BD3C-BAF1780A5F5A}.Release|Any CPU.ActiveCfg = Release|Any CPU
		{6F9D7634-A6CB-45FF-BD3C-BAF1780A5F5A}.Release|Any CPU.Build.0 = Release|Any CPU
		{70447FF5-1860-437C-8B17-BBD7B518D901}.Debug|Any CPU.ActiveCfg = Debug|Any CPU
		{70447FF5-1860-437C-8B17-BBD7B518D901}.Debug|Any CPU.Build.0 = Debug|Any CPU
		{70447FF5-1860-437C-8B17-BBD7B518D901}.Release|Any CPU.ActiveCfg = Release|Any CPU
		{70447FF5-1860-437C-8B17-BBD7B518D901}.Release|Any CPU.Build.0 = Release|Any CPU
		{9856FBE6-6592-4817-AAD8-49156DC88045}.Debug|Any CPU.ActiveCfg = Debug|Any CPU
		{9856FBE6-6592-4817-AAD8-49156DC88045}.Debug|Any CPU.Build.0 = Debug|Any CPU
		{9856FBE6-6592-4817-AAD8-49156DC88045}.Release|Any CPU.ActiveCfg = Release|Any CPU
		{9856FBE6-6592-4817-AAD8-49156DC88045}.Release|Any CPU.Build.0 = Release|Any CPU
		{104782D6-23AB-4DCD-AAF6-44DEB96693BE}.Debug|Any CPU.ActiveCfg = Debug|Any CPU
		{104782D6-23AB-4DCD-AAF6-44DEB96693BE}.Debug|Any CPU.Build.0 = Debug|Any CPU
		{104782D6-23AB-4DCD-AAF6-44DEB96693BE}.Release|Any CPU.ActiveCfg = Release|Any CPU
		{104782D6-23AB-4DCD-AAF6-44DEB96693BE}.Release|Any CPU.Build.0 = Release|Any CPU
		{4A0C7764-B8CD-4319-84FD-63540D214486}.Debug|Any CPU.ActiveCfg = Debug|Any CPU
		{4A0C7764-B8CD-4319-84FD-63540D214486}.Debug|Any CPU.Build.0 = Debug|Any CPU
		{4A0C7764-B8CD-4319-84FD-63540D214486}.Release|Any CPU.ActiveCfg = Release|Any CPU
		{4A0C7764-B8CD-4319-84FD-63540D214486}.Release|Any CPU.Build.0 = Release|Any CPU
		{310F735C-82F0-487A-A14E-4FC99D2A4D1D}.Debug|Any CPU.ActiveCfg = Debug|Any CPU
		{310F735C-82F0-487A-A14E-4FC99D2A4D1D}.Debug|Any CPU.Build.0 = Debug|Any CPU
		{310F735C-82F0-487A-A14E-4FC99D2A4D1D}.Release|Any CPU.ActiveCfg = Release|Any CPU
		{310F735C-82F0-487A-A14E-4FC99D2A4D1D}.Release|Any CPU.Build.0 = Release|Any CPU
	EndGlobalSection
	GlobalSection(SolutionProperties) = preSolution
		HideSolutionNode = FALSE
	EndGlobalSection
	GlobalSection(ExtensibilityGlobals) = postSolution
		SolutionGuid = {8385A6B1-8AC7-495D-8A56-A40AD07B3672}
	EndGlobalSection
EndGlobal
